
Microsoft Visual Studio Solution File, Format Version 12.00
# Visual Studio Version 16
VisualStudioVersion = 16.0.30907.101
MinimumVisualStudioVersion = 10.0.40219.1
Project("{FAE04EC0-301F-11D3-BF4B-00C04F79EFBC}") = "Code Plagiator Detector", "Code Plagiator Detector\Code Plagiator Detector.csproj", "{92D90506-5CA5-4081-950F-58C174744A7B}"
EndProject
Global
	GlobalSection(SolutionConfigurationPlatforms) = preSolution
		Debug|Any CPU = Debug|Any CPU
		Release|Any CPU = Release|Any CPU
	EndGlobalSection
	GlobalSection(ProjectConfigurationPlatforms) = postSolution
		{92D90506-5CA5-4081-950F-58C174744A7B}.Debug|Any CPU.ActiveCfg = Debug|Any CPU
		{92D90506-5CA5-4081-950F-58C174744A7B}.Debug|Any CPU.Build.0 = Debug|Any CPU
		{92D90506-5CA5-4081-950F-58C174744A7B}.Release|Any CPU.ActiveCfg = Release|Any CPU
		{92D90506-5CA5-4081-950F-58C174744A7B}.Release|Any CPU.Build.0 = Release|Any CPU
	EndGlobalSection
	GlobalSection(SolutionProperties) = preSolution
		HideSolutionNode = FALSE
	EndGlobalSection
	GlobalSection(ExtensibilityGlobals) = postSolution
		SolutionGuid = {807DDDC7-013A-4E60-9D44-7030E2F2C7A8}
	EndGlobalSection
EndGlobal
